
Microsoft Visual Studio Solution File, Format Version 12.00
# Visual Studio Version 16
VisualStudioVersion = 16.0.30503.244
MinimumVisualStudioVersion = 10.0.40219.1
Project("{9A19103F-16F7-4668-BE54-9A1E7A4F7556}") = "02. ArcheryTournament", "02. ArcheryTournament\02. ArcheryTournament.csproj", "{84E40F17-E9E0-45A4-A528-C555C903C533}"
EndProject
Project("{9A19103F-16F7-4668-BE54-9A1E7A4F7556}") = "SinoTheWalker", "SinoTheWalker\SinoTheWalker.csproj", "{58AAB882-9AE2-4B1D-B6AF-0CB4E7DFEFE8}"
EndProject
Project("{9A19103F-16F7-4668-BE54-9A1E7A4F7556}") = "02.SoftuniKaraoke", "02.SoftuniKaraoke\02.SoftuniKaraoke.csproj", "{3087AF04-03C3-4EF5-8A31-78F8C42F1AD7}"
EndProject
Project("{9A19103F-16F7-4668-BE54-9A1E7A4F7556}") = "07.7. TheatrePromotions", "07.7. TheatrePromotions\07.7. TheatrePromotions.csproj", "{E4AAA6D4-7E63-4873-8ECD-FCCD56B8E0F1}"
EndProject
Project("{9A19103F-16F7-4668-BE54-9A1E7A4F7556}") = "08.DivisibleBy3", "08.DivisibleBy3\08.DivisibleBy3.csproj", "{66EF6D50-EB1B-4896-B02F-A6EA86709BDE}"
EndProject
Project("{9A19103F-16F7-4668-BE54-9A1E7A4F7556}") = "09.SumOfOddNumbers", "09.SumOfOddNumbers\09.SumOfOddNumbers.csproj", "{7168F76F-12A4-4C5E-B290-575B94147788}"
EndProject
Project("{9A19103F-16F7-4668-BE54-9A1E7A4F7556}") = "10.MultiplicationTable", "10.MultiplicationTable\10.MultiplicationTable.csproj", "{C02F5E70-6F59-4F96-BD25-927ECEB018A1}"
EndProject
Project("{9A19103F-16F7-4668-BE54-9A1E7A4F7556}") = "11.MultiplicationTable2.0", "11.MultiplicationTable2.0\11.MultiplicationTable2.0.csproj", "{C74AF560-E669-47DA-BD63-A1F6EBB1FDD1}"
EndProject
Project("{9A19103F-16F7-4668-BE54-9A1E7A4F7556}") = "02.Passed", "02.Passed\02.Passed.csproj", "{B8FD9FB7-7F6D-4073-809A-026DECE1531B}"
EndProject
Project("{9A19103F-16F7-4668-BE54-9A1E7A4F7556}") = "03.PassedOrFailed", "03.PassedOrFailed\03.PassedOrFailed.csproj", "{207F3AEB-D03B-4E01-BAD6-F6702F349CF9}"
EndProject
Project("{9A19103F-16F7-4668-BE54-9A1E7A4F7556}") = "01.StudentInformation", "01.StudentInformation\01.StudentInformation.csproj", "{DE82EBED-9D7A-416B-988A-F66127E6AEC6}"
EndProject
Project("{9A19103F-16F7-4668-BE54-9A1E7A4F7556}") = "04. BackIn30Minutes", "04. BackIn30Minutes\04. BackIn30Minutes.csproj", "{312A1EEC-A004-47C3-BAF5-24A7270D1916}"
EndProject
Project("{9A19103F-16F7-4668-BE54-9A1E7A4F7556}") = "05.MonthPrinter", "05.MonthPrinter\05.MonthPrinter.csproj", "{65DC693A-8F8C-463F-B0C6-ADB504F61857}"
EndProject
Project("{9A19103F-16F7-4668-BE54-9A1E7A4F7556}") = "06.ForeignLanguages", "06.ForeignLanguages\06.ForeignLanguages.csproj", "{7F60BF8C-E1F2-4391-B646-26327C91B5FD}"
EndProject
Project("{9A19103F-16F7-4668-BE54-9A1E7A4F7556}") = "07VendingMachine", "07VendingMachine\07VendingMachine.csproj", "{5909F9FD-B888-475A-B125-C793570F0D87}"
EndProject
Global
	GlobalSection(SolutionConfigurationPlatforms) = preSolution
		Debug|Any CPU = Debug|Any CPU
		Release|Any CPU = Release|Any CPU
	EndGlobalSection
	GlobalSection(ProjectConfigurationPlatforms) = postSolution
		{84E40F17-E9E0-45A4-A528-C555C903C533}.Debug|Any CPU.ActiveCfg = Debug|Any CPU
		{84E40F17-E9E0-45A4-A528-C555C903C533}.Debug|Any CPU.Build.0 = Debug|Any CPU
		{84E40F17-E9E0-45A4-A528-C555C903C533}.Release|Any CPU.ActiveCfg = Release|Any CPU
		{84E40F17-E9E0-45A4-A528-C555C903C533}.Release|Any CPU.Build.0 = Release|Any CPU
		{58AAB882-9AE2-4B1D-B6AF-0CB4E7DFEFE8}.Debug|Any CPU.ActiveCfg = Debug|Any CPU
		{58AAB882-9AE2-4B1D-B6AF-0CB4E7DFEFE8}.Debug|Any CPU.Build.0 = Debug|Any CPU
		{58AAB882-9AE2-4B1D-B6AF-0CB4E7DFEFE8}.Release|Any CPU.ActiveCfg = Release|Any CPU
		{58AAB882-9AE2-4B1D-B6AF-0CB4E7DFEFE8}.Release|Any CPU.Build.0 = Release|Any CPU
		{3087AF04-03C3-4EF5-8A31-78F8C42F1AD7}.Debug|Any CPU.ActiveCfg = Debug|Any CPU
		{3087AF04-03C3-4EF5-8A31-78F8C42F1AD7}.Debug|Any CPU.Build.0 = Debug|Any CPU
		{3087AF04-03C3-4EF5-8A31-78F8C42F1AD7}.Release|Any CPU.ActiveCfg = Release|Any CPU
		{3087AF04-03C3-4EF5-8A31-78F8C42F1AD7}.Release|Any CPU.Build.0 = Release|Any CPU
		{E4AAA6D4-7E63-4873-8ECD-FCCD56B8E0F1}.Debug|Any CPU.ActiveCfg = Debug|Any CPU
		{E4AAA6D4-7E63-4873-8ECD-FCCD56B8E0F1}.Debug|Any CPU.Build.0 = Debug|Any CPU
		{E4AAA6D4-7E63-4873-8ECD-FCCD56B8E0F1}.Release|Any CPU.ActiveCfg = Release|Any CPU
		{E4AAA6D4-7E63-4873-8ECD-FCCD56B8E0F1}.Release|Any CPU.Build.0 = Release|Any CPU
		{66EF6D50-EB1B-4896-B02F-A6EA86709BDE}.Debug|Any CPU.ActiveCfg = Debug|Any CPU
		{66EF6D50-EB1B-4896-B02F-A6EA86709BDE}.Debug|Any CPU.Build.0 = Debug|Any CPU
		{66EF6D50-EB1B-4896-B02F-A6EA86709BDE}.Release|Any CPU.ActiveCfg = Release|Any CPU
		{66EF6D50-EB1B-4896-B02F-A6EA86709BDE}.Release|Any CPU.Build.0 = Release|Any CPU
		{7168F76F-12A4-4C5E-B290-575B94147788}.Debug|Any CPU.ActiveCfg = Debug|Any CPU
		{7168F76F-12A4-4C5E-B290-575B94147788}.Debug|Any CPU.Build.0 = Debug|Any CPU
		{7168F76F-12A4-4C5E-B290-575B94147788}.Release|Any CPU.ActiveCfg = Release|Any CPU
		{7168F76F-12A4-4C5E-B290-575B94147788}.Release|Any CPU.Build.0 = Release|Any CPU
		{C02F5E70-6F59-4F96-BD25-927ECEB018A1}.Debug|Any CPU.ActiveCfg = Debug|Any CPU
		{C02F5E70-6F59-4F96-BD25-927ECEB018A1}.Debug|Any CPU.Build.0 = Debug|Any CPU
		{C02F5E70-6F59-4F96-BD25-927ECEB018A1}.Release|Any CPU.ActiveCfg = Release|Any CPU
		{C02F5E70-6F59-4F96-BD25-927ECEB018A1}.Release|Any CPU.Build.0 = Release|Any CPU
		{C74AF560-E669-47DA-BD63-A1F6EBB1FDD1}.Debug|Any CPU.ActiveCfg = Debug|Any CPU
		{C74AF560-E669-47DA-BD63-A1F6EBB1FDD1}.Debug|Any CPU.Build.0 = Debug|Any CPU
		{C74AF560-E669-47DA-BD63-A1F6EBB1FDD1}.Release|Any CPU.ActiveCfg = Release|Any CPU
		{C74AF560-E669-47DA-BD63-A1F6EBB1FDD1}.Release|Any CPU.Build.0 = Release|Any CPU
		{B8FD9FB7-7F6D-4073-809A-026DECE1531B}.Debug|Any CPU.ActiveCfg = Debug|Any CPU
		{B8FD9FB7-7F6D-4073-809A-026DECE1531B}.Debug|Any CPU.Build.0 = Debug|Any CPU
		{B8FD9FB7-7F6D-4073-809A-026DECE1531B}.Release|Any CPU.ActiveCfg = Release|Any CPU
		{B8FD9FB7-7F6D-4073-809A-026DECE1531B}.Release|Any CPU.Build.0 = Release|Any CPU
		{207F3AEB-D03B-4E01-BAD6-F6702F349CF9}.Debug|Any CPU.ActiveCfg = Debug|Any CPU
		{207F3AEB-D03B-4E01-BAD6-F6702F349CF9}.Debug|Any CPU.Build.0 = Debug|Any CPU
		{207F3AEB-D03B-4E01-BAD6-F6702F349CF9}.Release|Any CPU.ActiveCfg = Release|Any CPU
		{207F3AEB-D03B-4E01-BAD6-F6702F349CF9}.Release|Any CPU.Build.0 = Release|Any CPU
		{DE82EBED-9D7A-416B-988A-F66127E6AEC6}.Debug|Any CPU.ActiveCfg = Debug|Any CPU
		{DE82EBED-9D7A-416B-988A-F66127E6AEC6}.Debug|Any CPU.Build.0 = Debug|Any CPU
		{DE82EBED-9D7A-416B-988A-F66127E6AEC6}.Release|Any CPU.ActiveCfg = Release|Any CPU
		{DE82EBED-9D7A-416B-988A-F66127E6AEC6}.Release|Any CPU.Build.0 = Release|Any CPU
		{312A1EEC-A004-47C3-BAF5-24A7270D1916}.Debug|Any CPU.ActiveCfg = Debug|Any CPU
		{312A1EEC-A004-47C3-BAF5-24A7270D1916}.Debug|Any CPU.Build.0 = Debug|Any CPU
		{312A1EEC-A004-47C3-BAF5-24A7270D1916}.Release|Any CPU.ActiveCfg = Release|Any CPU
		{312A1EEC-A004-47C3-BAF5-24A7270D1916}.Release|Any CPU.Build.0 = Release|Any CPU
		{65DC693A-8F8C-463F-B0C6-ADB504F61857}.Debug|Any CPU.ActiveCfg = Debug|Any CPU
		{65DC693A-8F8C-463F-B0C6-ADB504F61857}.Debug|Any CPU.Build.0 = Debug|Any CPU
		{65DC693A-8F8C-463F-B0C6-ADB504F61857}.Release|Any CPU.ActiveCfg = Release|Any CPU
		{65DC693A-8F8C-463F-B0C6-ADB504F61857}.Release|Any CPU.Build.0 = Release|Any CPU
		{7F60BF8C-E1F2-4391-B646-26327C91B5FD}.Debug|Any CPU.ActiveCfg = Debug|Any CPU
		{7F60BF8C-E1F2-4391-B646-26327C91B5FD}.Debug|Any CPU.Build.0 = Debug|Any CPU
		{7F60BF8C-E1F2-4391-B646-26327C91B5FD}.Release|Any CPU.ActiveCfg = Release|Any CPU
		{7F60BF8C-E1F2-4391-B646-26327C91B5FD}.Release|Any CPU.Build.0 = Release|Any CPU
		{5909F9FD-B888-475A-B125-C793570F0D87}.Debug|Any CPU.ActiveCfg = Debug|Any CPU
		{5909F9FD-B888-475A-B125-C793570F0D87}.Debug|Any CPU.Build.0 = Debug|Any CPU
		{5909F9FD-B888-475A-B125-C793570F0D87}.Release|Any CPU.ActiveCfg = Release|Any CPU
		{5909F9FD-B888-475A-B125-C793570F0D87}.Release|Any CPU.Build.0 = Release|Any CPU
	EndGlobalSection
	GlobalSection(SolutionProperties) = preSolution
		HideSolutionNode = FALSE
	EndGlobalSection
	GlobalSection(ExtensibilityGlobals) = postSolution
		SolutionGuid = {C4AFD7C1-62F9-4569-BA79-C5F74853E60B}
	EndGlobalSection
EndGlobal
