
Microsoft Visual Studio Solution File, Format Version 12.00
# Visual Studio Version 16
VisualStudioVersion = 16.0.30011.22
MinimumVisualStudioVersion = 10.0.40219.1
Project("{FAE04EC0-301F-11D3-BF4B-00C04F79EFBC}") = "01.NumberPyramid", "01.NumberPyramid\01.NumberPyramid.csproj", "{78B3C952-1726-4600-A185-BA341E1668F2}"
EndProject
Project("{FAE04EC0-301F-11D3-BF4B-00C04F79EFBC}") = "02.EqualSumsEvenOddPosition", "02.EqualSumsEvenOddPosition\02.EqualSumsEvenOddPosition.csproj", "{8A864130-AF6F-4564-B197-A36D5EC6BE91}"
EndProject
Project("{FAE04EC0-301F-11D3-BF4B-00C04F79EFBC}") = "03.SumPrimeNonPrime", "03.SumPrimeNonPrime\03.SumPrimeNonPrime.csproj", "{BF4F375E-BDD8-49DD-8032-E24A50D66F60}"
EndProject
Project("{FAE04EC0-301F-11D3-BF4B-00C04F79EFBC}") = "04.TrainTheTrainers", "04.TrainTheTrainers\04.TrainTheTrainers.csproj", "{46D7DA6A-6343-4EB0-AE3B-CE3D26270E7B}"
EndProject
Project("{FAE04EC0-301F-11D3-BF4B-00C04F79EFBC}") = "05.PasswordGenerator", "05.PasswordGenerator\05.PasswordGenerator.csproj", "{ED9DBB66-4A79-4630-A21B-26F14B2F6D0E}"
EndProject
Project("{FAE04EC0-301F-11D3-BF4B-00C04F79EFBC}") = "06.SpecialNumbers", "06.SpecialNumbers\06.SpecialNumbers.csproj", "{A94110F0-A963-4937-9074-2AC0BB2552FC}"
EndProject
Global
	GlobalSection(SolutionConfigurationPlatforms) = preSolution
		Debug|Any CPU = Debug|Any CPU
		Release|Any CPU = Release|Any CPU
	EndGlobalSection
	GlobalSection(ProjectConfigurationPlatforms) = postSolution
		{78B3C952-1726-4600-A185-BA341E1668F2}.Debug|Any CPU.ActiveCfg = Debug|Any CPU
		{78B3C952-1726-4600-A185-BA341E1668F2}.Debug|Any CPU.Build.0 = Debug|Any CPU
		{78B3C952-1726-4600-A185-BA341E1668F2}.Release|Any CPU.ActiveCfg = Release|Any CPU
		{78B3C952-1726-4600-A185-BA341E1668F2}.Release|Any CPU.Build.0 = Release|Any CPU
		{8A864130-AF6F-4564-B197-A36D5EC6BE91}.Debug|Any CPU.ActiveCfg = Debug|Any CPU
		{8A864130-AF6F-4564-B197-A36D5EC6BE91}.Debug|Any CPU.Build.0 = Debug|Any CPU
		{8A864130-AF6F-4564-B197-A36D5EC6BE91}.Release|Any CPU.ActiveCfg = Release|Any CPU
		{8A864130-AF6F-4564-B197-A36D5EC6BE91}.Release|Any CPU.Build.0 = Release|Any CPU
		{BF4F375E-BDD8-49DD-8032-E24A50D66F60}.Debug|Any CPU.ActiveCfg = Debug|Any CPU
		{BF4F375E-BDD8-49DD-8032-E24A50D66F60}.Debug|Any CPU.Build.0 = Debug|Any CPU
		{BF4F375E-BDD8-49DD-8032-E24A50D66F60}.Release|Any CPU.ActiveCfg = Release|Any CPU
		{BF4F375E-BDD8-49DD-8032-E24A50D66F60}.Release|Any CPU.Build.0 = Release|Any CPU
		{46D7DA6A-6343-4EB0-AE3B-CE3D26270E7B}.Debug|Any CPU.ActiveCfg = Debug|Any CPU
		{46D7DA6A-6343-4EB0-AE3B-CE3D26270E7B}.Debug|Any CPU.Build.0 = Debug|Any CPU
		{46D7DA6A-6343-4EB0-AE3B-CE3D26270E7B}.Release|Any CPU.ActiveCfg = Release|Any CPU
		{46D7DA6A-6343-4EB0-AE3B-CE3D26270E7B}.Release|Any CPU.Build.0 = Release|Any CPU
		{ED9DBB66-4A79-4630-A21B-26F14B2F6D0E}.Debug|Any CPU.ActiveCfg = Debug|Any CPU
		{ED9DBB66-4A79-4630-A21B-26F14B2F6D0E}.Debug|Any CPU.Build.0 = Debug|Any CPU
		{ED9DBB66-4A79-4630-A21B-26F14B2F6D0E}.Release|Any CPU.ActiveCfg = Release|Any CPU
		{ED9DBB66-4A79-4630-A21B-26F14B2F6D0E}.Release|Any CPU.Build.0 = Release|Any CPU
		{A94110F0-A963-4937-9074-2AC0BB2552FC}.Debug|Any CPU.ActiveCfg = Debug|Any CPU
		{A94110F0-A963-4937-9074-2AC0BB2552FC}.Debug|Any CPU.Build.0 = Debug|Any CPU
		{A94110F0-A963-4937-9074-2AC0BB2552FC}.Release|Any CPU.ActiveCfg = Release|Any CPU
		{A94110F0-A963-4937-9074-2AC0BB2552FC}.Release|Any CPU.Build.0 = Release|Any CPU
	EndGlobalSection
	GlobalSection(SolutionProperties) = preSolution
		HideSolutionNode = FALSE
	EndGlobalSection
	GlobalSection(ExtensibilityGlobals) = postSolution
		SolutionGuid = {3DA4B01A-E9F8-4447-A872-14579A05EE81}
	EndGlobalSection
EndGlobal
